
Microsoft Visual Studio Solution File, Format Version 12.00
# Visual Studio 2012
Project("{FAE04EC0-301F-11D3-BF4B-00C04F79EFBC}") = "TestCS", "TestCS\TestCS.csproj", "{12F8D392-00A3-4246-9BD3-21CA04EA6C86}"
EndProject
Project("{2150E333-8FDC-42A3-9474-1A3956D46DE8}") = "Solution Items", "Solution Items", "{93925043-95D0-4F94-9191-745E8962699F}"
	ProjectSection(SolutionItems) = preProject
		TestCS\bin\Debug\csharptest.txt = TestCS\bin\Debug\csharptest.txt
	EndProjectSection
EndProject
Global
	GlobalSection(SolutionConfigurationPlatforms) = preSolution
		Debug|x86 = Debug|x86
		Release|x86 = Release|x86
	EndGlobalSection
	GlobalSection(ProjectConfigurationPlatforms) = postSolution
		{12F8D392-00A3-4246-9BD3-21CA04EA6C86}.Debug|x86.ActiveCfg = Debug|x86
		{12F8D392-00A3-4246-9BD3-21CA04EA6C86}.Debug|x86.Build.0 = Debug|x86
		{12F8D392-00A3-4246-9BD3-21CA04EA6C86}.Release|x86.ActiveCfg = Release|x86
		{12F8D392-00A3-4246-9BD3-21CA04EA6C86}.Release|x86.Build.0 = Release|x86
	EndGlobalSection
EndGlobal
